{
  "requires": true,
  "lockfileVersion": 1,
  "dependencies": {
    "react-owl-carousel2": {
      "version": "0.3.0",
      "resolved": "https://registry.npmjs.org/react-owl-carousel2/-/react-owl-carousel2-0.3.0.tgz",
      "integrity": "sha512-f6RYdNn7BD3npMfS7d88utPMfje8qsAKAftUtQ0F9imjvKHtTngP013mdqOcllsJ/75f4/uu2vA14kVBwUvEZA=="
    }
  }
}
